
Microsoft Visual Studio Solution File, Format Version 12.00
# Visual Studio Version 16
VisualStudioVersion = 16.0.30907.101
MinimumVisualStudioVersion = 10.0.40219.1
Project("{9A19103F-16F7-4668-BE54-9A1E7A4F7556}") = "KampIntro", "KampIntro\KampIntro.csproj", "{A965881E-1EF9-4BC2-9C29-CBA2DF6ED78F}"
EndProject
Project("{9A19103F-16F7-4668-BE54-9A1E7A4F7556}") = "Loops", "Loops\Loops.csproj", "{6EA750B7-5E18-4FC2-994C-3FF57A4DE532}"
EndProject
Project("{9A19103F-16F7-4668-BE54-9A1E7A4F7556}") = "ClassIntro", "ClassIntro\ClassIntro.csproj", "{39980508-9B66-4FEB-8D54-4FC30DCFDDC6}"
EndProject
Project("{9A19103F-16F7-4668-BE54-9A1E7A4F7556}") = "HomeWork6", "HomeWork6\HomeWork6.csproj", "{80676A03-6A96-407E-9A79-EB0C26DB480D}"
EndProject
Project("{9A19103F-16F7-4668-BE54-9A1E7A4F7556}") = "Methods", "Methods\Methods.csproj", "{44837768-CBB3-4EAA-8071-DC388E5B4E19}"
EndProject
Project("{9A19103F-16F7-4668-BE54-9A1E7A4F7556}") = "DegerVeReferansTipler", "DegerVeReferansTipler\DegerVeReferansTipler.csproj", "{AB61510D-A08F-45FA-AE9A-E4EE6E97853D}"
EndProject
Project("{9A19103F-16F7-4668-BE54-9A1E7A4F7556}") = "OOP1", "OOP1\OOP1.csproj", "{55AF9717-C7B1-4D39-9428-025B482CDC63}"
EndProject
Project("{9A19103F-16F7-4668-BE54-9A1E7A4F7556}") = "Collections", "Collections\Collections.csproj", "{EF741EC2-A95B-4B0F-BF64-EDC9D73EC8F2}"
EndProject
Project("{9A19103F-16F7-4668-BE54-9A1E7A4F7556}") = "GenericsIntro", "GenericsIntro\GenericsIntro.csproj", "{3FCCCEDE-DC6C-41F9-87B6-4A019996583F}"
EndProject
Project("{9A19103F-16F7-4668-BE54-9A1E7A4F7556}") = "Dictionary", "Dictionary\Dictionary.csproj", "{F18096D6-BDE8-4D40-A4C5-9B218B7930F2}"
EndProject
Project("{9A19103F-16F7-4668-BE54-9A1E7A4F7556}") = "OOP2", "OOP2\OOP2.csproj", "{DABDE8B9-89D8-430C-98D4-187EDFB5ED12}"
EndProject
Project("{9A19103F-16F7-4668-BE54-9A1E7A4F7556}") = "OOP3", "OOP3\OOP3.csproj", "{EDE0B3E4-E76A-44DD-8626-F06ADCF713A1}"
EndProject
Project("{9A19103F-16F7-4668-BE54-9A1E7A4F7556}") = "AbstractClass", "AbstractClass\AbstractClass.csproj", "{663F750D-5F78-4A78-B339-D25C2347F995}"
EndProject
Project("{FAE04EC0-301F-11D3-BF4B-00C04F79EFBC}") = "GameProject", "GameProject\GameProject.csproj", "{489A8139-DC18-4077-9B11-031A6D0AC1C0}"
EndProject
Global
	GlobalSection(SolutionConfigurationPlatforms) = preSolution
		Debug|Any CPU = Debug|Any CPU
		Release|Any CPU = Release|Any CPU
	EndGlobalSection
	GlobalSection(ProjectConfigurationPlatforms) = postSolution
		{A965881E-1EF9-4BC2-9C29-CBA2DF6ED78F}.Debug|Any CPU.ActiveCfg = Debug|Any CPU
		{A965881E-1EF9-4BC2-9C29-CBA2DF6ED78F}.Debug|Any CPU.Build.0 = Debug|Any CPU
		{A965881E-1EF9-4BC2-9C29-CBA2DF6ED78F}.Release|Any CPU.ActiveCfg = Release|Any CPU
		{A965881E-1EF9-4BC2-9C29-CBA2DF6ED78F}.Release|Any CPU.Build.0 = Release|Any CPU
		{6EA750B7-5E18-4FC2-994C-3FF57A4DE532}.Debug|Any CPU.ActiveCfg = Debug|Any CPU
		{6EA750B7-5E18-4FC2-994C-3FF57A4DE532}.Debug|Any CPU.Build.0 = Debug|Any CPU
		{6EA750B7-5E18-4FC2-994C-3FF57A4DE532}.Release|Any CPU.ActiveCfg = Release|Any CPU
		{6EA750B7-5E18-4FC2-994C-3FF57A4DE532}.Release|Any CPU.Build.0 = Release|Any CPU
		{39980508-9B66-4FEB-8D54-4FC30DCFDDC6}.Debug|Any CPU.ActiveCfg = Debug|Any CPU
		{39980508-9B66-4FEB-8D54-4FC30DCFDDC6}.Debug|Any CPU.Build.0 = Debug|Any CPU
		{39980508-9B66-4FEB-8D54-4FC30DCFDDC6}.Release|Any CPU.ActiveCfg = Release|Any CPU
		{39980508-9B66-4FEB-8D54-4FC30DCFDDC6}.Release|Any CPU.Build.0 = Release|Any CPU
		{80676A03-6A96-407E-9A79-EB0C26DB480D}.Debug|Any CPU.ActiveCfg = Debug|Any CPU
		{80676A03-6A96-407E-9A79-EB0C26DB480D}.Debug|Any CPU.Build.0 = Debug|Any CPU
		{80676A03-6A96-407E-9A79-EB0C26DB480D}.Release|Any CPU.ActiveCfg = Release|Any CPU
		{80676A03-6A96-407E-9A79-EB0C26DB480D}.Release|Any CPU.Build.0 = Release|Any CPU
		{44837768-CBB3-4EAA-8071-DC388E5B4E19}.Debug|Any CPU.ActiveCfg = Debug|Any CPU
		{44837768-CBB3-4EAA-8071-DC388E5B4E19}.Debug|Any CPU.Build.0 = Debug|Any CPU
		{44837768-CBB3-4EAA-8071-DC388E5B4E19}.Release|Any CPU.ActiveCfg = Release|Any CPU
		{44837768-CBB3-4EAA-8071-DC388E5B4E19}.Release|Any CPU.Build.0 = Release|Any CPU
		{AB61510D-A08F-45FA-AE9A-E4EE6E97853D}.Debug|Any CPU.ActiveCfg = Debug|Any CPU
		{AB61510D-A08F-45FA-AE9A-E4EE6E97853D}.Debug|Any CPU.Build.0 = Debug|Any CPU
		{AB61510D-A08F-45FA-AE9A-E4EE6E97853D}.Release|Any CPU.ActiveCfg = Release|Any CPU
		{AB61510D-A08F-45FA-AE9A-E4EE6E97853D}.Release|Any CPU.Build.0 = Release|Any CPU
		{55AF9717-C7B1-4D39-9428-025B482CDC63}.Debug|Any CPU.ActiveCfg = Debug|Any CPU
		{55AF9717-C7B1-4D39-9428-025B482CDC63}.Debug|Any CPU.Build.0 = Debug|Any CPU
		{55AF9717-C7B1-4D39-9428-025B482CDC63}.Release|Any CPU.ActiveCfg = Release|Any CPU
		{55AF9717-C7B1-4D39-9428-025B482CDC63}.Release|Any CPU.Build.0 = Release|Any CPU
		{EF741EC2-A95B-4B0F-BF64-EDC9D73EC8F2}.Debug|Any CPU.ActiveCfg = Debug|Any CPU
		{EF741EC2-A95B-4B0F-BF64-EDC9D73EC8F2}.Debug|Any CPU.Build.0 = Debug|Any CPU
		{EF741EC2-A95B-4B0F-BF64-EDC9D73EC8F2}.Release|Any CPU.ActiveCfg = Release|Any CPU
		{EF741EC2-A95B-4B0F-BF64-EDC9D73EC8F2}.Release|Any CPU.Build.0 = Release|Any CPU
		{3FCCCEDE-DC6C-41F9-87B6-4A019996583F}.Debug|Any CPU.ActiveCfg = Debug|Any CPU
		{3FCCCEDE-DC6C-41F9-87B6-4A019996583F}.Debug|Any CPU.Build.0 = Debug|Any CPU
		{3FCCCEDE-DC6C-41F9-87B6-4A019996583F}.Release|Any CPU.ActiveCfg = Release|Any CPU
		{3FCCCEDE-DC6C-41F9-87B6-4A019996583F}.Release|Any CPU.Build.0 = Release|Any CPU
		{F18096D6-BDE8-4D40-A4C5-9B218B7930F2}.Debug|Any CPU.ActiveCfg = Debug|Any CPU
		{F18096D6-BDE8-4D40-A4C5-9B218B7930F2}.Debug|Any CPU.Build.0 = Debug|Any CPU
		{F18096D6-BDE8-4D40-A4C5-9B218B7930F2}.Release|Any CPU.ActiveCfg = Release|Any CPU
		{F18096D6-BDE8-4D40-A4C5-9B218B7930F2}.Release|Any CPU.Build.0 = Release|Any CPU
		{DABDE8B9-89D8-430C-98D4-187EDFB5ED12}.Debug|Any CPU.ActiveCfg = Debug|Any CPU
		{DABDE8B9-89D8-430C-98D4-187EDFB5ED12}.Debug|Any CPU.Build.0 = Debug|Any CPU
		{DABDE8B9-89D8-430C-98D4-187EDFB5ED12}.Release|Any CPU.ActiveCfg = Release|Any CPU
		{DABDE8B9-89D8-430C-98D4-187EDFB5ED12}.Release|Any CPU.Build.0 = Release|Any CPU
		{EDE0B3E4-E76A-44DD-8626-F06ADCF713A1}.Debug|Any CPU.ActiveCfg = Debug|Any CPU
		{EDE0B3E4-E76A-44DD-8626-F06ADCF713A1}.Debug|Any CPU.Build.0 = Debug|Any CPU
		{EDE0B3E4-E76A-44DD-8626-F06ADCF713A1}.Release|Any CPU.ActiveCfg = Release|Any CPU
		{EDE0B3E4-E76A-44DD-8626-F06ADCF713A1}.Release|Any CPU.Build.0 = Release|Any CPU
		{663F750D-5F78-4A78-B339-D25C2347F995}.Debug|Any CPU.ActiveCfg = Debug|Any CPU
		{663F750D-5F78-4A78-B339-D25C2347F995}.Debug|Any CPU.Build.0 = Debug|Any CPU
		{663F750D-5F78-4A78-B339-D25C2347F995}.Release|Any CPU.ActiveCfg = Release|Any CPU
		{663F750D-5F78-4A78-B339-D25C2347F995}.Release|Any CPU.Build.0 = Release|Any CPU
		{489A8139-DC18-4077-9B11-031A6D0AC1C0}.Debug|Any CPU.ActiveCfg = Debug|Any CPU
		{489A8139-DC18-4077-9B11-031A6D0AC1C0}.Debug|Any CPU.Build.0 = Debug|Any CPU
		{489A8139-DC18-4077-9B11-031A6D0AC1C0}.Release|Any CPU.ActiveCfg = Release|Any CPU
		{489A8139-DC18-4077-9B11-031A6D0AC1C0}.Release|Any CPU.Build.0 = Release|Any CPU
	EndGlobalSection
	GlobalSection(SolutionProperties) = preSolution
		HideSolutionNode = FALSE
	EndGlobalSection
	GlobalSection(ExtensibilityGlobals) = postSolution
		SolutionGuid = {72B88892-D720-49EE-A05C-A1ECD46C80C3}
	EndGlobalSection
EndGlobal
